
Microsoft Visual Studio Solution File, Format Version 12.00
# Visual Studio 2012
Project("{FAE04EC0-301F-11D3-BF4B-00C04F79EFBC}") = "Dixie.Core", "Dixie.Core\Dixie.Core.csproj", "{8BE8E9DC-1418-4C7D-83F7-D7A48C24B351}"
EndProject
Project("{FAE04EC0-301F-11D3-BF4B-00C04F79EFBC}") = "Dixie.Console", "Dixie.Console\Dixie.Console.csproj", "{240916CD-497F-406A-AF82-85477683B2A5}"
EndProject
Project("{FAE04EC0-301F-11D3-BF4B-00C04F79EFBC}") = "Dixie.Algorithms", "Dixie.Algorithms\Dixie.Algorithms.csproj", "{D9D694FD-64ED-4967-857F-C560DFD9E86A}"
EndProject
Project("{FAE04EC0-301F-11D3-BF4B-00C04F79EFBC}") = "Dixie.Presentation", "Dixie.Presentation\Dixie.Presentation.csproj", "{BA498850-D4EB-43B4-A452-DCF77A65531D}"
EndProject
Global
	GlobalSection(SolutionConfigurationPlatforms) = preSolution
		Debug|Any CPU = Debug|Any CPU
		Release|Any CPU = Release|Any CPU
	EndGlobalSection
	GlobalSection(ProjectConfigurationPlatforms) = postSolution
		{8BE8E9DC-1418-4C7D-83F7-D7A48C24B351}.Debug|Any CPU.ActiveCfg = Debug|Any CPU
		{8BE8E9DC-1418-4C7D-83F7-D7A48C24B351}.Debug|Any CPU.Build.0 = Debug|Any CPU
		{8BE8E9DC-1418-4C7D-83F7-D7A48C24B351}.Release|Any CPU.ActiveCfg = Release|Any CPU
		{8BE8E9DC-1418-4C7D-83F7-D7A48C24B351}.Release|Any CPU.Build.0 = Release|Any CPU
		{240916CD-497F-406A-AF82-85477683B2A5}.Debug|Any CPU.ActiveCfg = Debug|Any CPU
		{240916CD-497F-406A-AF82-85477683B2A5}.Debug|Any CPU.Build.0 = Debug|Any CPU
		{240916CD-497F-406A-AF82-85477683B2A5}.Release|Any CPU.ActiveCfg = Release|Any CPU
		{240916CD-497F-406A-AF82-85477683B2A5}.Release|Any CPU.Build.0 = Release|Any CPU
		{D9D694FD-64ED-4967-857F-C560DFD9E86A}.Debug|Any CPU.ActiveCfg = Debug|Any CPU
		{D9D694FD-64ED-4967-857F-C560DFD9E86A}.Debug|Any CPU.Build.0 = Debug|Any CPU
		{D9D694FD-64ED-4967-857F-C560DFD9E86A}.Release|Any CPU.ActiveCfg = Release|Any CPU
		{D9D694FD-64ED-4967-857F-C560DFD9E86A}.Release|Any CPU.Build.0 = Release|Any CPU
		{BA498850-D4EB-43B4-A452-DCF77A65531D}.Debug|Any CPU.ActiveCfg = Debug|Any CPU
		{BA498850-D4EB-43B4-A452-DCF77A65531D}.Debug|Any CPU.Build.0 = Debug|Any CPU
		{BA498850-D4EB-43B4-A452-DCF77A65531D}.Release|Any CPU.ActiveCfg = Release|Any CPU
		{BA498850-D4EB-43B4-A452-DCF77A65531D}.Release|Any CPU.Build.0 = Release|Any CPU
	EndGlobalSection
	GlobalSection(SolutionProperties) = preSolution
		HideSolutionNode = FALSE
	EndGlobalSection
EndGlobal
